{
  "name": "rules_docker",
  "version": "1.0.0",
  "lockfileVersion": 1,
  "requires": true,
  "dependencies": {
    "@bazel/bazelisk": {
      "version": "1.5.0",
      "resolved": "https://registry.npmjs.org/@bazel/bazelisk/-/bazelisk-1.5.0.tgz",
      "integrity": "sha512-qhOGN1WmfZYNJXGrRL/0byii9hX5FBomMv3WWI2OEL2+Bxm4t/bR3zMxN3xwQX1C8meSSrAfKGSzxVOZfpJsOg=="
    }
  }
}
